
Microsoft Visual Studio Solution File, Format Version 12.00
# Visual Studio Version 17
VisualStudioVersion = 17.1.32414.318
MinimumVisualStudioVersion = 10.0.40219.1
Project("{FAE04EC0-301F-11D3-BF4B-00C04F79EFBC}") = "2-CriandoVariaveis", "2-CriandoVariaveis\2-CriandoVariaveis.csproj", "{EC97CB08-D0AF-4FD3-AB99-818E6638D84C}"
EndProject
Project("{FAE04EC0-301F-11D3-BF4B-00C04F79EFBC}") = "3-CriandoVariaveisPontoFlutuante", "3-CriandoVariaveisPontoFlutuante\3-CriandoVariaveisPontoFlutuante.csproj", "{5B0FF969-9E73-425B-A9DF-33B3D14BF283}"
EndProject
Project("{FAE04EC0-301F-11D3-BF4B-00C04F79EFBC}") = "4-ConversoesEOutrosTiposNumericos", "4-ConversoesEOutrosTiposNumericos\4-ConversoesEOutrosTiposNumericos.csproj", "{6A7B3D99-2127-4590-BDF1-D6DEBC21E623}"
EndProject
Project("{FAE04EC0-301F-11D3-BF4B-00C04F79EFBC}") = "1-OláMundo", "1-OláMundo\1-OláMundo.csproj", "{D5E68109-0E5E-46FF-A344-0B4B85DB257D}"
EndProject
Project("{FAE04EC0-301F-11D3-BF4B-00C04F79EFBC}") = "5-CaracteresETextos", "5-CaracteresETextos\5-CaracteresETextos.csproj", "{F022C220-2F65-4CCF-885F-CF65F10066BD}"
EndProject
Project("{FAE04EC0-301F-11D3-BF4B-00C04F79EFBC}") = "6-AtribuicaoDeVariaveis", "6-AtribuicaoDeVariaveis\6-AtribuicaoDeVariaveis.csproj", "{08677D44-E7AC-4867-A76D-360F80E66608}"
EndProject
Project("{FAE04EC0-301F-11D3-BF4B-00C04F79EFBC}") = "7-Condicionais", "7-Condicionais\7-Condicionais.csproj", "{2C17803A-15CF-45C7-9B60-64B5727F3F62}"
EndProject
Project("{FAE04EC0-301F-11D3-BF4B-00C04F79EFBC}") = "8-Condicionais-2", "7-Condicionais-2\8-Condicionais-2.csproj", "{BB18A533-325E-4C7A-901B-23DDB8B06C7F}"
EndProject
Project("{FAE04EC0-301F-11D3-BF4B-00C04F79EFBC}") = "9-Escopo", "9-Escopo\9-Escopo.csproj", "{2F5AE779-409B-4341-A8A5-6B8E2296C7C4}"
EndProject
Project("{FAE04EC0-301F-11D3-BF4B-00C04F79EFBC}") = "P10-LacoWhile", "P10-LacoDeRepeticao\P10-LacoWhile.csproj", "{2F551521-5F20-4A86-9E3D-7504F85204CC}"
EndProject
Project("{FAE04EC0-301F-11D3-BF4B-00C04F79EFBC}") = "P11-LacoFor", "P11-LacoFor\P11-LacoFor.csproj", "{C0B7DE25-AC99-4E15-A9F9-B045C509A042}"
EndProject
Project("{FAE04EC0-301F-11D3-BF4B-00C04F79EFBC}") = "P12-InvestindoALongoPraza", "P12-InvestindoALongoPraza\P12-InvestindoALongoPraza.csproj", "{8E5E3F7A-4241-4C9C-AFC2-D36C1C8377E6}"
EndProject
Project("{FAE04EC0-301F-11D3-BF4B-00C04F79EFBC}") = "P13-EncadeamentoDeFor", "P13-EncadeamentoDeFor\P13-EncadeamentoDeFor.csproj", "{7C02EF47-7BB2-4A97-B4FF-CE5B18C2D879}"
EndProject
Global
	GlobalSection(SolutionConfigurationPlatforms) = preSolution
		Debug|Any CPU = Debug|Any CPU
		Release|Any CPU = Release|Any CPU
	EndGlobalSection
	GlobalSection(ProjectConfigurationPlatforms) = postSolution
		{EC97CB08-D0AF-4FD3-AB99-818E6638D84C}.Debug|Any CPU.ActiveCfg = Debug|Any CPU
		{EC97CB08-D0AF-4FD3-AB99-818E6638D84C}.Debug|Any CPU.Build.0 = Debug|Any CPU
		{EC97CB08-D0AF-4FD3-AB99-818E6638D84C}.Release|Any CPU.ActiveCfg = Release|Any CPU
		{EC97CB08-D0AF-4FD3-AB99-818E6638D84C}.Release|Any CPU.Build.0 = Release|Any CPU
		{5B0FF969-9E73-425B-A9DF-33B3D14BF283}.Debug|Any CPU.ActiveCfg = Debug|Any CPU
		{5B0FF969-9E73-425B-A9DF-33B3D14BF283}.Debug|Any CPU.Build.0 = Debug|Any CPU
		{5B0FF969-9E73-425B-A9DF-33B3D14BF283}.Release|Any CPU.ActiveCfg = Release|Any CPU
		{5B0FF969-9E73-425B-A9DF-33B3D14BF283}.Release|Any CPU.Build.0 = Release|Any CPU
		{6A7B3D99-2127-4590-BDF1-D6DEBC21E623}.Debug|Any CPU.ActiveCfg = Debug|Any CPU
		{6A7B3D99-2127-4590-BDF1-D6DEBC21E623}.Debug|Any CPU.Build.0 = Debug|Any CPU
		{6A7B3D99-2127-4590-BDF1-D6DEBC21E623}.Release|Any CPU.ActiveCfg = Release|Any CPU
		{6A7B3D99-2127-4590-BDF1-D6DEBC21E623}.Release|Any CPU.Build.0 = Release|Any CPU
		{D5E68109-0E5E-46FF-A344-0B4B85DB257D}.Debug|Any CPU.ActiveCfg = Debug|Any CPU
		{D5E68109-0E5E-46FF-A344-0B4B85DB257D}.Debug|Any CPU.Build.0 = Debug|Any CPU
		{D5E68109-0E5E-46FF-A344-0B4B85DB257D}.Release|Any CPU.ActiveCfg = Release|Any CPU
		{D5E68109-0E5E-46FF-A344-0B4B85DB257D}.Release|Any CPU.Build.0 = Release|Any CPU
		{F022C220-2F65-4CCF-885F-CF65F10066BD}.Debug|Any CPU.ActiveCfg = Debug|Any CPU
		{F022C220-2F65-4CCF-885F-CF65F10066BD}.Debug|Any CPU.Build.0 = Debug|Any CPU
		{F022C220-2F65-4CCF-885F-CF65F10066BD}.Release|Any CPU.ActiveCfg = Release|Any CPU
		{F022C220-2F65-4CCF-885F-CF65F10066BD}.Release|Any CPU.Build.0 = Release|Any CPU
		{08677D44-E7AC-4867-A76D-360F80E66608}.Debug|Any CPU.ActiveCfg = Debug|Any CPU
		{08677D44-E7AC-4867-A76D-360F80E66608}.Debug|Any CPU.Build.0 = Debug|Any CPU
		{08677D44-E7AC-4867-A76D-360F80E66608}.Release|Any CPU.ActiveCfg = Release|Any CPU
		{08677D44-E7AC-4867-A76D-360F80E66608}.Release|Any CPU.Build.0 = Release|Any CPU
		{2C17803A-15CF-45C7-9B60-64B5727F3F62}.Debug|Any CPU.ActiveCfg = Debug|Any CPU
		{2C17803A-15CF-45C7-9B60-64B5727F3F62}.Debug|Any CPU.Build.0 = Debug|Any CPU
		{2C17803A-15CF-45C7-9B60-64B5727F3F62}.Release|Any CPU.ActiveCfg = Release|Any CPU
		{2C17803A-15CF-45C7-9B60-64B5727F3F62}.Release|Any CPU.Build.0 = Release|Any CPU
		{BB18A533-325E-4C7A-901B-23DDB8B06C7F}.Debug|Any CPU.ActiveCfg = Debug|Any CPU
		{BB18A533-325E-4C7A-901B-23DDB8B06C7F}.Debug|Any CPU.Build.0 = Debug|Any CPU
		{BB18A533-325E-4C7A-901B-23DDB8B06C7F}.Release|Any CPU.ActiveCfg = Release|Any CPU
		{BB18A533-325E-4C7A-901B-23DDB8B06C7F}.Release|Any CPU.Build.0 = Release|Any CPU
		{2F5AE779-409B-4341-A8A5-6B8E2296C7C4}.Debug|Any CPU.ActiveCfg = Debug|Any CPU
		{2F5AE779-409B-4341-A8A5-6B8E2296C7C4}.Debug|Any CPU.Build.0 = Debug|Any CPU
		{2F5AE779-409B-4341-A8A5-6B8E2296C7C4}.Release|Any CPU.ActiveCfg = Release|Any CPU
		{2F5AE779-409B-4341-A8A5-6B8E2296C7C4}.Release|Any CPU.Build.0 = Release|Any CPU
		{2F551521-5F20-4A86-9E3D-7504F85204CC}.Debug|Any CPU.ActiveCfg = Debug|Any CPU
		{2F551521-5F20-4A86-9E3D-7504F85204CC}.Debug|Any CPU.Build.0 = Debug|Any CPU
		{2F551521-5F20-4A86-9E3D-7504F85204CC}.Release|Any CPU.ActiveCfg = Release|Any CPU
		{2F551521-5F20-4A86-9E3D-7504F85204CC}.Release|Any CPU.Build.0 = Release|Any CPU
		{C0B7DE25-AC99-4E15-A9F9-B045C509A042}.Debug|Any CPU.ActiveCfg = Debug|Any CPU
		{C0B7DE25-AC99-4E15-A9F9-B045C509A042}.Debug|Any CPU.Build.0 = Debug|Any CPU
		{C0B7DE25-AC99-4E15-A9F9-B045C509A042}.Release|Any CPU.ActiveCfg = Release|Any CPU
		{C0B7DE25-AC99-4E15-A9F9-B045C509A042}.Release|Any CPU.Build.0 = Release|Any CPU
		{8E5E3F7A-4241-4C9C-AFC2-D36C1C8377E6}.Debug|Any CPU.ActiveCfg = Debug|Any CPU
		{8E5E3F7A-4241-4C9C-AFC2-D36C1C8377E6}.Debug|Any CPU.Build.0 = Debug|Any CPU
		{8E5E3F7A-4241-4C9C-AFC2-D36C1C8377E6}.Release|Any CPU.ActiveCfg = Release|Any CPU
		{8E5E3F7A-4241-4C9C-AFC2-D36C1C8377E6}.Release|Any CPU.Build.0 = Release|Any CPU
		{7C02EF47-7BB2-4A97-B4FF-CE5B18C2D879}.Debug|Any CPU.ActiveCfg = Debug|Any CPU
		{7C02EF47-7BB2-4A97-B4FF-CE5B18C2D879}.Debug|Any CPU.Build.0 = Debug|Any CPU
		{7C02EF47-7BB2-4A97-B4FF-CE5B18C2D879}.Release|Any CPU.ActiveCfg = Release|Any CPU
		{7C02EF47-7BB2-4A97-B4FF-CE5B18C2D879}.Release|Any CPU.Build.0 = Release|Any CPU
	EndGlobalSection
	GlobalSection(SolutionProperties) = preSolution
		HideSolutionNode = FALSE
	EndGlobalSection
	GlobalSection(ExtensibilityGlobals) = postSolution
		SolutionGuid = {9888A1A2-E71E-4896-A0C3-6422143C3130}
	EndGlobalSection
EndGlobal
